
Microsoft Visual Studio Solution File, Format Version 12.00
# Visual Studio 15
VisualStudioVersion = 15.0.27703.2042
MinimumVisualStudioVersion = 10.0.40219.1
Project("{FAE04EC0-301F-11D3-BF4B-00C04F79EFBC}") = "HW6", "HW6\HW6.csproj", "{CE2F43D8-9006-47EC-B48E-0ECFA0110B2E}"
EndProject
Global
	GlobalSection(SolutionConfigurationPlatforms) = preSolution
		Debug|Any CPU = Debug|Any CPU
		Release|Any CPU = Release|Any CPU
	EndGlobalSection
	GlobalSection(ProjectConfigurationPlatforms) = postSolution
		{CE2F43D8-9006-47EC-B48E-0ECFA0110B2E}.Debug|Any CPU.ActiveCfg = Debug|Any CPU
		{CE2F43D8-9006-47EC-B48E-0ECFA0110B2E}.Debug|Any CPU.Build.0 = Debug|Any CPU
		{CE2F43D8-9006-47EC-B48E-0ECFA0110B2E}.Release|Any CPU.ActiveCfg = Release|Any CPU
		{CE2F43D8-9006-47EC-B48E-0ECFA0110B2E}.Release|Any CPU.Build.0 = Release|Any CPU
	EndGlobalSection
	GlobalSection(SolutionProperties) = preSolution
		HideSolutionNode = FALSE
	EndGlobalSection
	GlobalSection(ExtensibilityGlobals) = postSolution
		SolutionGuid = {956C9DCE-7555-4DE0-9823-24A3F6268F02}
	EndGlobalSection
EndGlobal
